
Microsoft Visual Studio Solution File, Format Version 12.00
# Visual Studio Version 17
VisualStudioVersion = 17.9.34622.214
MinimumVisualStudioVersion = 10.0.40219.1
Project("{9A19103F-16F7-4668-BE54-9A1E7A4F7556}") = "Lab1", "cyber class test\Lab1.csproj", "{2D5CA361-7CE2-4B78-BD11-6819FB552D38}"
EndProject
Global
	GlobalSection(SolutionConfigurationPlatforms) = preSolution
		Debug|Any CPU = Debug|Any CPU
		Release|Any CPU = Release|Any CPU
	EndGlobalSection
	GlobalSection(ProjectConfigurationPlatforms) = postSolution
		{2D5CA361-7CE2-4B78-BD11-6819FB552D38}.Debug|Any CPU.ActiveCfg = Debug|Any CPU
		{2D5CA361-7CE2-4B78-BD11-6819FB552D38}.Debug|Any CPU.Build.0 = Debug|Any CPU
		{2D5CA361-7CE2-4B78-BD11-6819FB552D38}.Release|Any CPU.ActiveCfg = Release|Any CPU
		{2D5CA361-7CE2-4B78-BD11-6819FB552D38}.Release|Any CPU.Build.0 = Release|Any CPU
	EndGlobalSection
	GlobalSection(SolutionProperties) = preSolution
		HideSolutionNode = FALSE
	EndGlobalSection
	GlobalSection(ExtensibilityGlobals) = postSolution
		SolutionGuid = {A6EFDE9F-089F-4080-A6D0-3194C6EF55F8}
	EndGlobalSection
EndGlobal
